
Microsoft Visual Studio Solution File, Format Version 12.00
# Visual Studio Version 17
VisualStudioVersion = 17.9.34728.123
MinimumVisualStudioVersion = 10.0.40219.1
Project("{FAE04EC0-301F-11D3-BF4B-00C04F79EFBC}") = "MinhaAplicacao", "MinhaAplicacao.csproj", "{FD235A55-7B99-4111-945F-B72C51F63E85}"
EndProject
Global
	GlobalSection(SolutionConfigurationPlatforms) = preSolution
		Debug|Any CPU = Debug|Any CPU
		Release|Any CPU = Release|Any CPU
	EndGlobalSection
	GlobalSection(ProjectConfigurationPlatforms) = postSolution
		{FD235A55-7B99-4111-945F-B72C51F63E85}.Debug|Any CPU.ActiveCfg = Debug|Any CPU
		{FD235A55-7B99-4111-945F-B72C51F63E85}.Debug|Any CPU.Build.0 = Debug|Any CPU
		{FD235A55-7B99-4111-945F-B72C51F63E85}.Release|Any CPU.ActiveCfg = Release|Any CPU
		{FD235A55-7B99-4111-945F-B72C51F63E85}.Release|Any CPU.Build.0 = Release|Any CPU
	EndGlobalSection
	GlobalSection(SolutionProperties) = preSolution
		HideSolutionNode = FALSE
	EndGlobalSection
	GlobalSection(ExtensibilityGlobals) = postSolution
		SolutionGuid = {AA860EA4-1720-4A5D-880B-FB6E44B6CF2E}
	EndGlobalSection
EndGlobal
